
Microsoft Visual Studio Solution File, Format Version 12.00
Project("{FAE04EC0-301F-11D3-BF4B-00C04F79EFBC}") = "OnlinePortfolio", "OnlinePortfolio\OnlinePortfolio.csproj", "{96D96098-CB12-4106-910C-8C1A2589D3B5}"
EndProject
Global
	GlobalSection(SolutionConfigurationPlatforms) = preSolution
		Debug|Any CPU = Debug|Any CPU
		Release|Any CPU = Release|Any CPU
	EndGlobalSection
	GlobalSection(ProjectConfigurationPlatforms) = postSolution
		{96D96098-CB12-4106-910C-8C1A2589D3B5}.Debug|Any CPU.ActiveCfg = Debug|Any CPU
		{96D96098-CB12-4106-910C-8C1A2589D3B5}.Debug|Any CPU.Build.0 = Debug|Any CPU
		{96D96098-CB12-4106-910C-8C1A2589D3B5}.Release|Any CPU.ActiveCfg = Release|Any CPU
		{96D96098-CB12-4106-910C-8C1A2589D3B5}.Release|Any CPU.Build.0 = Release|Any CPU
	EndGlobalSection
EndGlobal
